
Microsoft Visual Studio Solution File, Format Version 12.00
# Visual Studio Version 16
VisualStudioVersion = 16.0.30804.86
MinimumVisualStudioVersion = 10.0.40219.1
Project("{54435603-DBB4-11D2-8724-00A0C9A8B90C}") = "grafana-setup", "grafana-setup\grafana-setup.vdproj", "{785C7A14-8182-4FC8-85C0-909E9632E174}"
	ProjectSection(ProjectDependencies) = postProject
		{8AFAA706-2EFD-43DA-8367-1ECEC46F1CCC} = {8AFAA706-2EFD-43DA-8367-1ECEC46F1CCC}
	EndProjectSection
EndProject
Project("{9A19103F-16F7-4668-BE54-9A1E7A4F7556}") = "ualistviewsetup", "..\ua-list-view\ualistviewsetup\ualistviewsetup.csproj", "{A03BFEB9-5204-4B8F-92FE-6B6DC338BD3B}"
	ProjectSection(ProjectDependencies) = postProject
		{7947D8D9-DE25-4D65-B35F-781FB4271357} = {7947D8D9-DE25-4D65-B35F-781FB4271357}
	EndProjectSection
EndProject
Project("{9A19103F-16F7-4668-BE54-9A1E7A4F7556}") = "uadashboardsetup", "..\ua-dashboard-container\uadashboardsetup\uadashboardsetup.csproj", "{7947D8D9-DE25-4D65-B35F-781FB4271357}"
	ProjectSection(ProjectDependencies) = postProject
		{F4324FE7-D08E-4444-819A-E2F8868A808D} = {F4324FE7-D08E-4444-819A-E2F8868A808D}
	EndProjectSection
EndProject
Project("{9A19103F-16F7-4668-BE54-9A1E7A4F7556}") = "plugin-dotnet", "..\..\grafana-opcua-datasource\backend\plugin-dotnet.csproj", "{F4324FE7-D08E-4444-819A-E2F8868A808D}"
EndProject
Project("{9A19103F-16F7-4668-BE54-9A1E7A4F7556}") = "uapanelsetup", "..\ua-browser\uapanelsetup\uapanelsetup.csproj", "{FF658FA1-DDB3-4931-BB0C-BF6F28C5F77E}"
	ProjectSection(ProjectDependencies) = postProject
		{A03BFEB9-5204-4B8F-92FE-6B6DC338BD3B} = {A03BFEB9-5204-4B8F-92FE-6B6DC338BD3B}
	EndProjectSection
EndProject
Project("{FAE04EC0-301F-11D3-BF4B-00C04F79EFBC}") = "grafanacustomactions", "grafanacustomactions\grafanacustomactions.csproj", "{BBB51DEA-F49D-48BB-9F3A-67EA21CDDFC5}"
EndProject
Project("{9A19103F-16F7-4668-BE54-9A1E7A4F7556}") = "uaeventviewsetup", "..\ua-event-view\uaeventviewsetup\uaeventviewsetup.csproj", "{8AFAA706-2EFD-43DA-8367-1ECEC46F1CCC}"
	ProjectSection(ProjectDependencies) = postProject
		{FF658FA1-DDB3-4931-BB0C-BF6F28C5F77E} = {FF658FA1-DDB3-4931-BB0C-BF6F28C5F77E}
	EndProjectSection
EndProject
Global
	GlobalSection(SolutionConfigurationPlatforms) = preSolution
		Debug|Any CPU = Debug|Any CPU
		Release|Any CPU = Release|Any CPU
		Setup_Release|Any CPU = Setup_Release|Any CPU
	EndGlobalSection
	GlobalSection(ProjectConfigurationPlatforms) = postSolution
		{785C7A14-8182-4FC8-85C0-909E9632E174}.Debug|Any CPU.ActiveCfg = Debug
		{785C7A14-8182-4FC8-85C0-909E9632E174}.Debug|Any CPU.Build.0 = Debug
		{785C7A14-8182-4FC8-85C0-909E9632E174}.Release|Any CPU.ActiveCfg = Release
		{785C7A14-8182-4FC8-85C0-909E9632E174}.Release|Any CPU.Build.0 = Release
		{785C7A14-8182-4FC8-85C0-909E9632E174}.Setup_Release|Any CPU.ActiveCfg = Release
		{785C7A14-8182-4FC8-85C0-909E9632E174}.Setup_Release|Any CPU.Build.0 = Release
		{A03BFEB9-5204-4B8F-92FE-6B6DC338BD3B}.Debug|Any CPU.ActiveCfg = Debug|Any CPU
		{A03BFEB9-5204-4B8F-92FE-6B6DC338BD3B}.Debug|Any CPU.Build.0 = Debug|Any CPU
		{A03BFEB9-5204-4B8F-92FE-6B6DC338BD3B}.Release|Any CPU.ActiveCfg = Release|Any CPU
		{A03BFEB9-5204-4B8F-92FE-6B6DC338BD3B}.Release|Any CPU.Build.0 = Release|Any CPU
		{A03BFEB9-5204-4B8F-92FE-6B6DC338BD3B}.Setup_Release|Any CPU.ActiveCfg = Setup_Release|Any CPU
		{A03BFEB9-5204-4B8F-92FE-6B6DC338BD3B}.Setup_Release|Any CPU.Build.0 = Setup_Release|Any CPU
		{7947D8D9-DE25-4D65-B35F-781FB4271357}.Debug|Any CPU.ActiveCfg = Debug|Any CPU
		{7947D8D9-DE25-4D65-B35F-781FB4271357}.Debug|Any CPU.Build.0 = Debug|Any CPU
		{7947D8D9-DE25-4D65-B35F-781FB4271357}.Release|Any CPU.ActiveCfg = Release|Any CPU
		{7947D8D9-DE25-4D65-B35F-781FB4271357}.Release|Any CPU.Build.0 = Release|Any CPU
		{7947D8D9-DE25-4D65-B35F-781FB4271357}.Setup_Release|Any CPU.ActiveCfg = Setup_Release|Any CPU
		{7947D8D9-DE25-4D65-B35F-781FB4271357}.Setup_Release|Any CPU.Build.0 = Setup_Release|Any CPU
		{F4324FE7-D08E-4444-819A-E2F8868A808D}.Debug|Any CPU.ActiveCfg = Debug|Any CPU
		{F4324FE7-D08E-4444-819A-E2F8868A808D}.Debug|Any CPU.Build.0 = Debug|Any CPU
		{F4324FE7-D08E-4444-819A-E2F8868A808D}.Release|Any CPU.ActiveCfg = Release|Any CPU
		{F4324FE7-D08E-4444-819A-E2F8868A808D}.Release|Any CPU.Build.0 = Release|Any CPU
		{F4324FE7-D08E-4444-819A-E2F8868A808D}.Setup_Release|Any CPU.ActiveCfg = Setup_Release|Any CPU
		{F4324FE7-D08E-4444-819A-E2F8868A808D}.Setup_Release|Any CPU.Build.0 = Setup_Release|Any CPU
		{FF658FA1-DDB3-4931-BB0C-BF6F28C5F77E}.Debug|Any CPU.ActiveCfg = Debug|Any CPU
		{FF658FA1-DDB3-4931-BB0C-BF6F28C5F77E}.Debug|Any CPU.Build.0 = Debug|Any CPU
		{FF658FA1-DDB3-4931-BB0C-BF6F28C5F77E}.Release|Any CPU.ActiveCfg = Release|Any CPU
		{FF658FA1-DDB3-4931-BB0C-BF6F28C5F77E}.Release|Any CPU.Build.0 = Release|Any CPU
		{FF658FA1-DDB3-4931-BB0C-BF6F28C5F77E}.Setup_Release|Any CPU.ActiveCfg = Setup_Release|Any CPU
		{FF658FA1-DDB3-4931-BB0C-BF6F28C5F77E}.Setup_Release|Any CPU.Build.0 = Setup_Release|Any CPU
		{BBB51DEA-F49D-48BB-9F3A-67EA21CDDFC5}.Debug|Any CPU.ActiveCfg = Debug|Any CPU
		{BBB51DEA-F49D-48BB-9F3A-67EA21CDDFC5}.Debug|Any CPU.Build.0 = Debug|Any CPU
		{BBB51DEA-F49D-48BB-9F3A-67EA21CDDFC5}.Release|Any CPU.ActiveCfg = Release|Any CPU
		{BBB51DEA-F49D-48BB-9F3A-67EA21CDDFC5}.Release|Any CPU.Build.0 = Release|Any CPU
		{BBB51DEA-F49D-48BB-9F3A-67EA21CDDFC5}.Setup_Release|Any CPU.ActiveCfg = Release|Any CPU
		{BBB51DEA-F49D-48BB-9F3A-67EA21CDDFC5}.Setup_Release|Any CPU.Build.0 = Release|Any CPU
		{8AFAA706-2EFD-43DA-8367-1ECEC46F1CCC}.Debug|Any CPU.ActiveCfg = Debug|Any CPU
		{8AFAA706-2EFD-43DA-8367-1ECEC46F1CCC}.Debug|Any CPU.Build.0 = Debug|Any CPU
		{8AFAA706-2EFD-43DA-8367-1ECEC46F1CCC}.Release|Any CPU.ActiveCfg = Release|Any CPU
		{8AFAA706-2EFD-43DA-8367-1ECEC46F1CCC}.Release|Any CPU.Build.0 = Release|Any CPU
		{8AFAA706-2EFD-43DA-8367-1ECEC46F1CCC}.Setup_Release|Any CPU.ActiveCfg = Setup_Release|Any CPU
		{8AFAA706-2EFD-43DA-8367-1ECEC46F1CCC}.Setup_Release|Any CPU.Build.0 = Setup_Release|Any CPU
	EndGlobalSection
	GlobalSection(SolutionProperties) = preSolution
		HideSolutionNode = FALSE
	EndGlobalSection
	GlobalSection(ExtensibilityGlobals) = postSolution
		SolutionGuid = {FC7F4AD5-BF45-4E7A-9BC7-4BB8C418F2BC}
	EndGlobalSection
EndGlobal
